
Microsoft Visual Studio Solution File, Format Version 12.00
Project("{FAE04EC0-301F-11D3-BF4B-00C04F79EFBC}") = "Orleans.PushNotifications", "Orleans.PushNotifications\Orleans.PushNotifications.csproj", "{E9A506E5-2310-4B10-9FC5-E5D3D63EC905}"
EndProject
Project("{FAE04EC0-301F-11D3-BF4B-00C04F79EFBC}") = "Orleans.PushNotifications.Server", "Orleans.PushNotifications.Server\Orleans.PushNotifications.Server.csproj", "{1735ECFF-8A50-4D9B-BDD9-BB0621CF4ABD}"
EndProject
Global
	GlobalSection(SolutionConfigurationPlatforms) = preSolution
		Debug|Any CPU = Debug|Any CPU
		Release|Any CPU = Release|Any CPU
	EndGlobalSection
	GlobalSection(ProjectConfigurationPlatforms) = postSolution
		{E9A506E5-2310-4B10-9FC5-E5D3D63EC905}.Debug|Any CPU.ActiveCfg = Debug|Any CPU
		{E9A506E5-2310-4B10-9FC5-E5D3D63EC905}.Debug|Any CPU.Build.0 = Debug|Any CPU
		{E9A506E5-2310-4B10-9FC5-E5D3D63EC905}.Release|Any CPU.ActiveCfg = Release|Any CPU
		{E9A506E5-2310-4B10-9FC5-E5D3D63EC905}.Release|Any CPU.Build.0 = Release|Any CPU
		{1735ECFF-8A50-4D9B-BDD9-BB0621CF4ABD}.Debug|Any CPU.ActiveCfg = Debug|Any CPU
		{1735ECFF-8A50-4D9B-BDD9-BB0621CF4ABD}.Debug|Any CPU.Build.0 = Debug|Any CPU
		{1735ECFF-8A50-4D9B-BDD9-BB0621CF4ABD}.Release|Any CPU.ActiveCfg = Release|Any CPU
		{1735ECFF-8A50-4D9B-BDD9-BB0621CF4ABD}.Release|Any CPU.Build.0 = Release|Any CPU
	EndGlobalSection
EndGlobal
